Microsoft Visual Studio Solution File, Format Version 11.00
# Visual Studio 2008

Project("{8CA825F1-690C-29F3-C5B9-8175FE674B09}") = "Play2Dash", "Assembly-CSharp.csproj", "{700919AD-24C8-F6EF-3DD6-A51F0F61DA4D}"
EndProject
Project("{8CA825F1-690C-29F3-C5B9-8175FE674B09}") = "Play2Dash", "Assembly-CSharp-Editor.csproj", "{C3A924BD-0AE6-440D-2B1B-A2A456BAC585}"
EndProject
Global
	GlobalSection(SolutionConfigurationPlatforms) = preSolution
		Debug|Any CPU = Debug|Any CPU
		Release|Any CPU = Release|Any CPU
	EndGlobalSection
	GlobalSection(ProjectConfigurationPlatforms) = postSolution
		{700919AD-24C8-F6EF-3DD6-A51F0F61DA4D}.Debug|Any CPU.ActiveCfg = Debug|Any CPU
		{700919AD-24C8-F6EF-3DD6-A51F0F61DA4D}.Debug|Any CPU.Build.0 = Debug|Any CPU
		{700919AD-24C8-F6EF-3DD6-A51F0F61DA4D}.Release|Any CPU.ActiveCfg = Release|Any CPU
		{700919AD-24C8-F6EF-3DD6-A51F0F61DA4D}.Release|Any CPU.Build.0 = Release|Any CPU
		{C3A924BD-0AE6-440D-2B1B-A2A456BAC585}.Debug|Any CPU.ActiveCfg = Debug|Any CPU
		{C3A924BD-0AE6-440D-2B1B-A2A456BAC585}.Debug|Any CPU.Build.0 = Debug|Any CPU
		{C3A924BD-0AE6-440D-2B1B-A2A456BAC585}.Release|Any CPU.ActiveCfg = Release|Any CPU
		{C3A924BD-0AE6-440D-2B1B-A2A456BAC585}.Release|Any CPU.Build.0 = Release|Any CPU
	EndGlobalSection
	GlobalSection(SolutionProperties) = preSolution
		HideSolutionNode = FALSE
	EndGlobalSection
	GlobalSection(MonoDevelopProperties) = preSolution
		StartupItem = Assembly-CSharp.csproj
	EndGlobalSection
EndGlobal
